
Microsoft Visual Studio Solution File, Format Version 12.00
# Visual Studio Version 17
VisualStudioVersion = 17.0.31903.59
MinimumVisualStudioVersion = 10.0.40219.1
Project("{2150E333-8FDC-42A3-9474-1A3956D46DE8}") = "apps", "apps", "{97195927-FEC7-4A1D-B24B-8DC9B3351139}"
EndProject
Project("{2150E333-8FDC-42A3-9474-1A3956D46DE8}") = "backend", "backend", "{9CF10C2B-35A9-4619-AFCC-57094D60C60C}"
EndProject
Project("{2150E333-8FDC-42A3-9474-1A3956D46DE8}") = "dotnet", "dotnet", "{1AD00E48-FF6D-4E9E-B818-FE85D8CB57CF}"
EndProject
Project("{FAE04EC0-301F-11D3-BF4B-00C04F79EFBC}") = "Flyingdarts.Backend.Auth", "apps\backend\dotnet\auth\Flyingdarts.Backend.Auth.csproj", "{6B87ACC3-4FF0-42DE-8206-86549F169F0E}"
EndProject
Project("{2150E333-8FDC-42A3-9474-1A3956D46DE8}") = "games", "games", "{A4EAE8FD-5DBF-45AA-84CC-78F7A342CF6C}"
EndProject
Project("{2150E333-8FDC-42A3-9474-1A3956D46DE8}") = "x01", "x01", "{8209EC9D-2A3C-41A0-9CF0-898E55CB2F7B}"
EndProject
Project("{FAE04EC0-301F-11D3-BF4B-00C04F79EFBC}") = "Flyingdarts.Backend.Games.X01.Api", "apps\backend\dotnet\games\x01\api\Flyingdarts.Backend.Games.X01.Api.csproj", "{17F6C122-8D3A-45E7-A46D-B3B8CE210BDC}"
EndProject
Project("{FAE04EC0-301F-11D3-BF4B-00C04F79EFBC}") = "Flyingdarts.Backend.Games.X01.Queue", "apps\backend\dotnet\games\x01\queue\Flyingdarts.Backend.Games.X01.Queue.csproj", "{FDE76D72-ED6F-4933-8A77-8E9BB07CB417}"
EndProject
Project("{2150E333-8FDC-42A3-9474-1A3956D46DE8}") = "signalling", "signalling", "{13197299-36CE-455F-BB83-215654E05F5C}"
EndProject
Project("{FAE04EC0-301F-11D3-BF4B-00C04F79EFBC}") = "Flyingdarts.Backend.Signalling.OnConnect", "apps\backend\dotnet\signalling\onconnect\Flyingdarts.Backend.Signalling.OnConnect.csproj", "{2DD4057C-E432-4253-B373-4D0ABA50CA00}"
EndProject
Project("{FAE04EC0-301F-11D3-BF4B-00C04F79EFBC}") = "Flyingdarts.Backend.Signalling.OnDefault", "apps\backend\dotnet\signalling\ondefault\Flyingdarts.Backend.Signalling.OnDefault.csproj", "{0B1150D1-069F-45BF-B330-3731DFF78098}"
EndProject
Project("{FAE04EC0-301F-11D3-BF4B-00C04F79EFBC}") = "Flyingdarts.Backend.Signalling.OnDisconnect", "apps\backend\dotnet\signalling\ondisconnect\Flyingdarts.Backend.Signalling.OnDisconnect.csproj", "{5D441B3C-1433-4832-AFAC-8943D63ABFDF}"
EndProject
Project("{2150E333-8FDC-42A3-9474-1A3956D46DE8}") = "user", "user", "{6474D1B1-D62D-4AFE-8452-91F07D70EC3E}"
EndProject
Project("{FAE04EC0-301F-11D3-BF4B-00C04F79EFBC}") = "Flyingdarts.Backend.User.Profile.Api", "apps\backend\dotnet\user\api\Flyingdarts.Backend.User.Profile.Api.csproj", "{B9036530-C5B8-4C15-8331-A698D03358D5}"
EndProject
Project("{FAE04EC0-301F-11D3-BF4B-00C04F79EFBC}") = "Flyingdarts.Backend.User.Profile.VerifyEmail", "apps\backend\dotnet\user\verifyemail\Flyingdarts.Backend.User.Profile.VerifyEmail.csproj", "{5F27778E-7D02-463A-B455-12E305098345}"
EndProject
Project("{2150E333-8FDC-42A3-9474-1A3956D46DE8}") = "tools", "tools", "{3D6EA085-1CC8-4C93-9195-537C883B7F4F}"
EndProject
Project("{2150E333-8FDC-42A3-9474-1A3956D46DE8}") = "dotnet", "dotnet", "{8EC9F7AA-99A6-45A9-9BA7-1002343FCACC}"
EndProject
Project("{FAE04EC0-301F-11D3-BF4B-00C04F79EFBC}") = "Flyingdarts.CDK", "apps\tools\dotnet\cdk\Flyingdarts.CDK.csproj", "{B20875BB-9455-4542-980A-79CB2890C850}"
EndProject
Project("{2150E333-8FDC-42A3-9474-1A3956D46DE8}") = "packages", "packages", "{67CBBAE7-8A91-4EBE-B03F-DD2D4091C024}"
EndProject
Project("{2150E333-8FDC-42A3-9474-1A3956D46DE8}") = "backend", "backend", "{AAA71116-8824-4AF3-AEDF-F6875823D640}"
EndProject
Project("{2150E333-8FDC-42A3-9474-1A3956D46DE8}") = "dotnet", "dotnet", "{BA089ACA-E985-4505-B364-61865B05ACE6}"
EndProject
Project("{FAE04EC0-301F-11D3-BF4B-00C04F79EFBC}") = "Flyingdarts.Connection.Services", "packages\backend\dotnet\Flyingdarts.Connection.Services\Flyingdarts.Connection.Services.csproj", "{2C346E4A-D1AF-48C6-B303-32C8C51F7114}"
EndProject
Project("{FAE04EC0-301F-11D3-BF4B-00C04F79EFBC}") = "Flyingdarts.Meetings.Service.Tests", "packages\backend\dotnet\Flyingdarts.Meetings.Service.Tests\Flyingdarts.Meetings.Service.Tests.csproj", "{8E6BB191-F1AD-4339-A289-C3E7BA0ABA1F}"
EndProject
Project("{FAE04EC0-301F-11D3-BF4B-00C04F79EFBC}") = "Flyingdarts.Meetings.Service", "packages\backend\dotnet\Flyingdarts.Meetings.Service\Flyingdarts.Meetings.Service.csproj", "{EF4B9477-9108-4FFF-84AB-6AD59019486F}"
EndProject
Project("{2150E333-8FDC-42A3-9474-1A3956D46DE8}") = "Flyingdarts.Metadata.Services", "Flyingdarts.Metadata.Services", "{DBE3ED91-975F-42F1-B52F-CA4055D87531}"
EndProject
Project("{FAE04EC0-301F-11D3-BF4B-00C04F79EFBC}") = "Flyingdarts.Metadata.Services.Tests", "packages\backend\dotnet\Flyingdarts.Metadata.Services\Flyingdarts.Metadata.Services.Tests\Flyingdarts.Metadata.Services.Tests.csproj", "{58255645-E0D3-459F-89A3-286D84A82DE5}"
EndProject
Project("{FAE04EC0-301F-11D3-BF4B-00C04F79EFBC}") = "Flyingdarts.Metadata.Services", "packages\backend\dotnet\Flyingdarts.Metadata.Services\Flyingdarts.Metadata.Services\Flyingdarts.Metadata.Services.csproj", "{8403E281-6998-4949-8D7B-7E6E92C47989}"
EndProject
Project("{FAE04EC0-301F-11D3-BF4B-00C04F79EFBC}") = "Flyingdarts.Persistence", "packages\backend\dotnet\Flyingdarts.Persistence\Flyingdarts.Persistence.csproj", "{DB316576-3FA4-415F-BC5A-7A4289E798CC}"
EndProject
Project("{2150E333-8FDC-42A3-9474-1A3956D46DE8}") = "tools", "tools", "{C070184B-3C09-4D05-B514-F3947B7446FA}"
EndProject
Project("{2150E333-8FDC-42A3-9474-1A3956D46DE8}") = "dotnet", "dotnet", "{E5D01913-D7B4-4A4D-ABC4-6B7CBC8D0E54}"
EndProject
Project("{FAE04EC0-301F-11D3-BF4B-00C04F79EFBC}") = "Flyingdarts.CDK.Constructs", "packages\tools\dotnet\Flyingdarts.CDK.Constructs\Flyingdarts.CDK.Constructs.csproj", "{2D8C00D0-1881-429A-8C07-053BD33E02D1}"
EndProject
Global
	GlobalSection(SolutionConfigurationPlatforms) = preSolution
		Debug|Any CPU = Debug|Any CPU
		Release|Any CPU = Release|Any CPU
	EndGlobalSection
	GlobalSection(SolutionProperties) = preSolution
		HideSolutionNode = FALSE
	EndGlobalSection
	GlobalSection(ProjectConfigurationPlatforms) = postSolution
		{6B87ACC3-4FF0-42DE-8206-86549F169F0E}.Debug|Any CPU.ActiveCfg = Debug|Any CPU
		{6B87ACC3-4FF0-42DE-8206-86549F169F0E}.Debug|Any CPU.Build.0 = Debug|Any CPU
		{6B87ACC3-4FF0-42DE-8206-86549F169F0E}.Release|Any CPU.ActiveCfg = Release|Any CPU
		{6B87ACC3-4FF0-42DE-8206-86549F169F0E}.Release|Any CPU.Build.0 = Release|Any CPU
		{17F6C122-8D3A-45E7-A46D-B3B8CE210BDC}.Debug|Any CPU.ActiveCfg = Debug|Any CPU
		{17F6C122-8D3A-45E7-A46D-B3B8CE210BDC}.Debug|Any CPU.Build.0 = Debug|Any CPU
		{17F6C122-8D3A-45E7-A46D-B3B8CE210BDC}.Release|Any CPU.ActiveCfg = Release|Any CPU
		{17F6C122-8D3A-45E7-A46D-B3B8CE210BDC}.Release|Any CPU.Build.0 = Release|Any CPU
		{FDE76D72-ED6F-4933-8A77-8E9BB07CB417}.Debug|Any CPU.ActiveCfg = Debug|Any CPU
		{FDE76D72-ED6F-4933-8A77-8E9BB07CB417}.Debug|Any CPU.Build.0 = Debug|Any CPU
		{FDE76D72-ED6F-4933-8A77-8E9BB07CB417}.Release|Any CPU.ActiveCfg = Release|Any CPU
		{FDE76D72-ED6F-4933-8A77-8E9BB07CB417}.Release|Any CPU.Build.0 = Release|Any CPU
		{2DD4057C-E432-4253-B373-4D0ABA50CA00}.Debug|Any CPU.ActiveCfg = Debug|Any CPU
		{2DD4057C-E432-4253-B373-4D0ABA50CA00}.Debug|Any CPU.Build.0 = Debug|Any CPU
		{2DD4057C-E432-4253-B373-4D0ABA50CA00}.Release|Any CPU.ActiveCfg = Release|Any CPU
		{2DD4057C-E432-4253-B373-4D0ABA50CA00}.Release|Any CPU.Build.0 = Release|Any CPU
		{0B1150D1-069F-45BF-B330-3731DFF78098}.Debug|Any CPU.ActiveCfg = Debug|Any CPU
		{0B1150D1-069F-45BF-B330-3731DFF78098}.Debug|Any CPU.Build.0 = Debug|Any CPU
		{0B1150D1-069F-45BF-B330-3731DFF78098}.Release|Any CPU.ActiveCfg = Release|Any CPU
		{0B1150D1-069F-45BF-B330-3731DFF78098}.Release|Any CPU.Build.0 = Release|Any CPU
		{5D441B3C-1433-4832-AFAC-8943D63ABFDF}.Debug|Any CPU.ActiveCfg = Debug|Any CPU
		{5D441B3C-1433-4832-AFAC-8943D63ABFDF}.Debug|Any CPU.Build.0 = Debug|Any CPU
		{5D441B3C-1433-4832-AFAC-8943D63ABFDF}.Release|Any CPU.ActiveCfg = Release|Any CPU
		{5D441B3C-1433-4832-AFAC-8943D63ABFDF}.Release|Any CPU.Build.0 = Release|Any CPU
		{B9036530-C5B8-4C15-8331-A698D03358D5}.Debug|Any CPU.ActiveCfg = Debug|Any CPU
		{B9036530-C5B8-4C15-8331-A698D03358D5}.Debug|Any CPU.Build.0 = Debug|Any CPU
		{B9036530-C5B8-4C15-8331-A698D03358D5}.Release|Any CPU.ActiveCfg = Release|Any CPU
		{B9036530-C5B8-4C15-8331-A698D03358D5}.Release|Any CPU.Build.0 = Release|Any CPU
		{5F27778E-7D02-463A-B455-12E305098345}.Debug|Any CPU.ActiveCfg = Debug|Any CPU
		{5F27778E-7D02-463A-B455-12E305098345}.Debug|Any CPU.Build.0 = Debug|Any CPU
		{5F27778E-7D02-463A-B455-12E305098345}.Release|Any CPU.ActiveCfg = Release|Any CPU
		{5F27778E-7D02-463A-B455-12E305098345}.Release|Any CPU.Build.0 = Release|Any CPU
		{B20875BB-9455-4542-980A-79CB2890C850}.Debug|Any CPU.ActiveCfg = Debug|Any CPU
		{B20875BB-9455-4542-980A-79CB2890C850}.Debug|Any CPU.Build.0 = Debug|Any CPU
		{B20875BB-9455-4542-980A-79CB2890C850}.Release|Any CPU.ActiveCfg = Release|Any CPU
		{B20875BB-9455-4542-980A-79CB2890C850}.Release|Any CPU.Build.0 = Release|Any CPU
		{2C346E4A-D1AF-48C6-B303-32C8C51F7114}.Debug|Any CPU.ActiveCfg = Debug|Any CPU
		{2C346E4A-D1AF-48C6-B303-32C8C51F7114}.Debug|Any CPU.Build.0 = Debug|Any CPU
		{2C346E4A-D1AF-48C6-B303-32C8C51F7114}.Release|Any CPU.ActiveCfg = Release|Any CPU
		{2C346E4A-D1AF-48C6-B303-32C8C51F7114}.Release|Any CPU.Build.0 = Release|Any CPU
		{8E6BB191-F1AD-4339-A289-C3E7BA0ABA1F}.Debug|Any CPU.ActiveCfg = Debug|Any CPU
		{8E6BB191-F1AD-4339-A289-C3E7BA0ABA1F}.Debug|Any CPU.Build.0 = Debug|Any CPU
		{8E6BB191-F1AD-4339-A289-C3E7BA0ABA1F}.Release|Any CPU.ActiveCfg = Release|Any CPU
		{8E6BB191-F1AD-4339-A289-C3E7BA0ABA1F}.Release|Any CPU.Build.0 = Release|Any CPU
		{EF4B9477-9108-4FFF-84AB-6AD59019486F}.Debug|Any CPU.ActiveCfg = Debug|Any CPU
		{EF4B9477-9108-4FFF-84AB-6AD59019486F}.Debug|Any CPU.Build.0 = Debug|Any CPU
		{EF4B9477-9108-4FFF-84AB-6AD59019486F}.Release|Any CPU.ActiveCfg = Release|Any CPU
		{EF4B9477-9108-4FFF-84AB-6AD59019486F}.Release|Any CPU.Build.0 = Release|Any CPU
		{58255645-E0D3-459F-89A3-286D84A82DE5}.Debug|Any CPU.ActiveCfg = Debug|Any CPU
		{58255645-E0D3-459F-89A3-286D84A82DE5}.Debug|Any CPU.Build.0 = Debug|Any CPU
		{58255645-E0D3-459F-89A3-286D84A82DE5}.Release|Any CPU.ActiveCfg = Release|Any CPU
		{58255645-E0D3-459F-89A3-286D84A82DE5}.Release|Any CPU.Build.0 = Release|Any CPU
		{8403E281-6998-4949-8D7B-7E6E92C47989}.Debug|Any CPU.ActiveCfg = Debug|Any CPU
		{8403E281-6998-4949-8D7B-7E6E92C47989}.Debug|Any CPU.Build.0 = Debug|Any CPU
		{8403E281-6998-4949-8D7B-7E6E92C47989}.Release|Any CPU.ActiveCfg = Release|Any CPU
		{8403E281-6998-4949-8D7B-7E6E92C47989}.Release|Any CPU.Build.0 = Release|Any CPU
		{DB316576-3FA4-415F-BC5A-7A4289E798CC}.Debug|Any CPU.ActiveCfg = Debug|Any CPU
		{DB316576-3FA4-415F-BC5A-7A4289E798CC}.Debug|Any CPU.Build.0 = Debug|Any CPU
		{DB316576-3FA4-415F-BC5A-7A4289E798CC}.Release|Any CPU.ActiveCfg = Release|Any CPU
		{DB316576-3FA4-415F-BC5A-7A4289E798CC}.Release|Any CPU.Build.0 = Release|Any CPU
		{2D8C00D0-1881-429A-8C07-053BD33E02D1}.Debug|Any CPU.ActiveCfg = Debug|Any CPU
		{2D8C00D0-1881-429A-8C07-053BD33E02D1}.Debug|Any CPU.Build.0 = Debug|Any CPU
		{2D8C00D0-1881-429A-8C07-053BD33E02D1}.Release|Any CPU.ActiveCfg = Release|Any CPU
		{2D8C00D0-1881-429A-8C07-053BD33E02D1}.Release|Any CPU.Build.0 = Release|Any CPU
	EndGlobalSection
	GlobalSection(NestedProjects) = preSolution
		{9CF10C2B-35A9-4619-AFCC-57094D60C60C} = {97195927-FEC7-4A1D-B24B-8DC9B3351139}
		{1AD00E48-FF6D-4E9E-B818-FE85D8CB57CF} = {9CF10C2B-35A9-4619-AFCC-57094D60C60C}
		{6B87ACC3-4FF0-42DE-8206-86549F169F0E} = {1AD00E48-FF6D-4E9E-B818-FE85D8CB57CF}
		{A4EAE8FD-5DBF-45AA-84CC-78F7A342CF6C} = {1AD00E48-FF6D-4E9E-B818-FE85D8CB57CF}
		{8209EC9D-2A3C-41A0-9CF0-898E55CB2F7B} = {A4EAE8FD-5DBF-45AA-84CC-78F7A342CF6C}
		{17F6C122-8D3A-45E7-A46D-B3B8CE210BDC} = {8209EC9D-2A3C-41A0-9CF0-898E55CB2F7B}
		{FDE76D72-ED6F-4933-8A77-8E9BB07CB417} = {8209EC9D-2A3C-41A0-9CF0-898E55CB2F7B}
		{13197299-36CE-455F-BB83-215654E05F5C} = {1AD00E48-FF6D-4E9E-B818-FE85D8CB57CF}
		{2DD4057C-E432-4253-B373-4D0ABA50CA00} = {13197299-36CE-455F-BB83-215654E05F5C}
		{0B1150D1-069F-45BF-B330-3731DFF78098} = {13197299-36CE-455F-BB83-215654E05F5C}
		{5D441B3C-1433-4832-AFAC-8943D63ABFDF} = {13197299-36CE-455F-BB83-215654E05F5C}
		{6474D1B1-D62D-4AFE-8452-91F07D70EC3E} = {1AD00E48-FF6D-4E9E-B818-FE85D8CB57CF}
		{B9036530-C5B8-4C15-8331-A698D03358D5} = {6474D1B1-D62D-4AFE-8452-91F07D70EC3E}
		{5F27778E-7D02-463A-B455-12E305098345} = {6474D1B1-D62D-4AFE-8452-91F07D70EC3E}
		{3D6EA085-1CC8-4C93-9195-537C883B7F4F} = {97195927-FEC7-4A1D-B24B-8DC9B3351139}
		{8EC9F7AA-99A6-45A9-9BA7-1002343FCACC} = {3D6EA085-1CC8-4C93-9195-537C883B7F4F}
		{B20875BB-9455-4542-980A-79CB2890C850} = {8EC9F7AA-99A6-45A9-9BA7-1002343FCACC}
		{AAA71116-8824-4AF3-AEDF-F6875823D640} = {67CBBAE7-8A91-4EBE-B03F-DD2D4091C024}
		{BA089ACA-E985-4505-B364-61865B05ACE6} = {AAA71116-8824-4AF3-AEDF-F6875823D640}
		{2C346E4A-D1AF-48C6-B303-32C8C51F7114} = {BA089ACA-E985-4505-B364-61865B05ACE6}
		{8E6BB191-F1AD-4339-A289-C3E7BA0ABA1F} = {BA089ACA-E985-4505-B364-61865B05ACE6}
		{EF4B9477-9108-4FFF-84AB-6AD59019486F} = {BA089ACA-E985-4505-B364-61865B05ACE6}
		{DBE3ED91-975F-42F1-B52F-CA4055D87531} = {BA089ACA-E985-4505-B364-61865B05ACE6}
		{58255645-E0D3-459F-89A3-286D84A82DE5} = {DBE3ED91-975F-42F1-B52F-CA4055D87531}
		{8403E281-6998-4949-8D7B-7E6E92C47989} = {DBE3ED91-975F-42F1-B52F-CA4055D87531}
		{DB316576-3FA4-415F-BC5A-7A4289E798CC} = {BA089ACA-E985-4505-B364-61865B05ACE6}
		{C070184B-3C09-4D05-B514-F3947B7446FA} = {67CBBAE7-8A91-4EBE-B03F-DD2D4091C024}
		{E5D01913-D7B4-4A4D-ABC4-6B7CBC8D0E54} = {C070184B-3C09-4D05-B514-F3947B7446FA}
		{2D8C00D0-1881-429A-8C07-053BD33E02D1} = {E5D01913-D7B4-4A4D-ABC4-6B7CBC8D0E54}
	EndGlobalSection
EndGlobal
