
Microsoft Visual Studio Solution File, Format Version 12.00
# Visual Studio Version 17
VisualStudioVersion = 17.4.33103.184
MinimumVisualStudioVersion = 15.0.26124.0
Project("{2150E333-8FDC-42A3-9474-1A3956D46DE8}") = "Solution Items", "Solution Items", "{0AC83B2F-EE80-4C55-A9AC-E994490C6DC0}"
	ProjectSection(SolutionItems) = preProject
		..\cdk.json = ..\cdk.json
		..\lambda.zip = ..\lambda.zip
		Flyingdarts.Infrastructure\README.md = Flyingdarts.Infrastructure\README.md
	EndProjectSection
EndProject
Project("{9A19103F-16F7-4668-BE54-9A1E7A4F7556}") = "Flyingdarts.Infrastructure", "Flyingdarts.Infrastructure\Flyingdarts.Infrastructure.csproj", "{43FE9714-0A71-44A5-832C-78BBB93F52A6}"
EndProject
Global
	GlobalSection(SolutionConfigurationPlatforms) = preSolution
		Debug|Any CPU = Debug|Any CPU
		Release|Any CPU = Release|Any CPU
	EndGlobalSection
	GlobalSection(ProjectConfigurationPlatforms) = postSolution
		{43FE9714-0A71-44A5-832C-78BBB93F52A6}.Debug|Any CPU.ActiveCfg = Debug|Any CPU
		{43FE9714-0A71-44A5-832C-78BBB93F52A6}.Debug|Any CPU.Build.0 = Debug|Any CPU
		{43FE9714-0A71-44A5-832C-78BBB93F52A6}.Release|Any CPU.ActiveCfg = Release|Any CPU
		{43FE9714-0A71-44A5-832C-78BBB93F52A6}.Release|Any CPU.Build.0 = Release|Any CPU
	EndGlobalSection
	GlobalSection(SolutionProperties) = preSolution
		HideSolutionNode = FALSE
	EndGlobalSection
	GlobalSection(ExtensibilityGlobals) = postSolution
		SolutionGuid = {32299F56-21C1-4B27-B2C6-B9693F592A80}
	EndGlobalSection
EndGlobal
